// !$*UTF8*$!
{
	archiveVersion = 1;
	classes = {
	};
	objectVersion = 48;
	objects = {

/* Begin PBXBuildFile section */
		DE8C7F3C22EED1CD00A4A9D9 /* AlipaySDK.framework in Frameworks */ = {isa = PBXBuildFile; fileRef = DE8C7F3B22EED1CD00A4A9D9 /* AlipaySDK.framework */; };
		DE8C7F3F22EED28900A4A9D9 /* RNAlipay.m in Sources */ = {isa = PBXBuildFile; fileRef = DE8C7F3E22EED28900A4A9D9 /* RNAlipay.m */; };
/* End PBXBuildFile section */

/* Begin PBXFileReference section */
		DE3F9C241FBA925500F2CC6B /* libRNAlipay.a */ = {isa = PBXFileReference; explicitFileType = archive.ar; includeInIndex = 0; path = libRNAlipay.a; sourceTree = BUILT_PRODUCTS_DIR; };
		DE8C7F3B22EED1CD00A4A9D9 /* AlipaySDK.framework */ = {isa = PBXFileReference; lastKnownFileType = wrapper.framework; path = AlipaySDK.framework; sourceTree = "<group>"; };
		DE8C7F3D22EED28900A4A9D9 /* RNAlipay.h */ = {isa = PBXFileReference; fileEncoding = 4; lastKnownFileType = sourcecode.c.h; path = RNAlipay.h; sourceTree = "<group>"; };
		DE8C7F3E22EED28900A4A9D9 /* RNAlipay.m */ = {isa = PBXFileReference; fileEncoding = 4; lastKnownFileType = sourcecode.c.objc; path = RNAlipay.m; sourceTree = "<group>"; };
/* End PBXFileReference section */

/* Begin PBXFrameworksBuildPhase section */
		DE3F9C211FBA925500F2CC6B /* Frameworks */ = {
			isa = PBXFrameworksBuildPhase;
			buildActionMask = 2147483647;
			files = (
				DE8C7F3C22EED1CD00A4A9D9 /* AlipaySDK.framework in Frameworks */,
			);
			runOnlyForDeploymentPostprocessing = 0;
		};
/* End PBXFrameworksBuildPhase section */

/* Begin PBXGroup section */
		DE3F9C1B1FBA925500F2CC6B = {
			isa = PBXGroup;
			children = (
				DE8C7F3022EED18500A4A9D9 /* RNAlipay */,
				DE3F9C251FBA925500F2CC6B /* Products */,
				DE3F9C4A1FBB005000F2CC6B /* Frameworks */,
			);
			sourceTree = "<group>";
		};
		DE3F9C251FBA925500F2CC6B /* Products */ = {
			isa = PBXGroup;
			children = (
				DE3F9C241FBA925500F2CC6B /* libRNAlipay.a */,
			);
			name = Products;
			sourceTree = "<group>";
		};
		DE3F9C4A1FBB005000F2CC6B /* Frameworks */ = {
			isa = PBXGroup;
			children = (
				DE8C7F3B22EED1CD00A4A9D9 /* AlipaySDK.framework */,
			);
			name = Frameworks;
			sourceTree = "<group>";
		};
		DE8C7F3022EED18500A4A9D9 /* RNAlipay */ = {
			isa = PBXGroup;
			children = (
				DE8C7F3D22EED28900A4A9D9 /* RNAlipay.h */,
				DE8C7F3E22EED28900A4A9D9 /* RNAlipay.m */,
			);
			path = RNAlipay;
			sourceTree = "<group>";
		};
/* End PBXGroup section */

/* Begin PBXNativeTarget section */
		DE3F9C231FBA925500F2CC6B /* RNAlipay */ = {
			isa = PBXNativeTarget;
			buildConfigurationList = DE3F9C2D1FBA925500F2CC6B /* Build configuration list for PBXNativeTarget "RNAlipay" */;
			buildPhases = (
				DE3F9C201FBA925500F2CC6B /* Sources */,
				DE3F9C211FBA925500F2CC6B /* Frameworks */,
			);
			buildRules = (
			);
			dependencies = (
			);
			name = RNAlipay;
			productName = RNAlipay;
			productReference = DE3F9C241FBA925500F2CC6B /* libRNAlipay.a */;
			productType = "com.apple.product-type.library.static";
		};
/* End PBXNativeTarget section */

/* Begin PBXProject section */
		DE3F9C1C1FBA925500F2CC6B /* Project object */ = {
			isa = PBXProject;
			attributes = {
				LastUpgradeCheck = 1030;
				ORGANIZATIONNAME = Nevo;
				TargetAttributes = {
					DE3F9C231FBA925500F2CC6B = {
						CreatedOnToolsVersion = 9.1;
						ProvisioningStyle = Automatic;
					};
				};
			};
			buildConfigurationList = DE3F9C1F1FBA925500F2CC6B /* Build configuration list for PBXProject "RNAlipay" */;
			compatibilityVersion = "Xcode 8.0";
			developmentRegion = en;
			hasScannedForEncodings = 0;
			knownRegions = (
				en,
				Base,
			);
			mainGroup = DE3F9C1B1FBA925500F2CC6B;
			productRefGroup = DE3F9C251FBA925500F2CC6B /* Products */;
			projectDirPath = "";
			projectRoot = "";
			targets = (
				DE3F9C231FBA925500F2CC6B /* RNAlipay */,
			);
		};
/* End PBXProject section */

/* Begin PBXSourcesBuildPhase section */
		DE3F9C201FBA925500F2CC6B /* Sources */ = {
			isa = PBXSourcesBuildPhase;
			buildActionMask = 2147483647;
			files = (
				DE8C7F3F22EED28900A4A9D9 /* RNAlipay.m in Sources */,
			);
			runOnlyForDeploymentPostprocessing = 0;
		};
/* End PBXSourcesBuildPhase section */

/* Begin XCBuildConfiguration section */
		DE3F9C2B1FBA925500F2CC6B /* Debug */ = {
			isa = XCBuildConfiguration;
			buildSettings = {
				ALWAYS_SEARCH_USER_PATHS = NO;
				CLANG_ANALYZER_NONNULL = YES;
				CLANG_ANALYZER_NUMBER_OBJECT_CONVERSION = YES_AGGRESSIVE;
				CLANG_CXX_LANGUAGE_STANDARD = "gnu++14";
				CLANG_CXX_LIBRARY = "libc++";
				CLANG_ENABLE_MODULES = YES;
				CLANG_ENABLE_OBJC_ARC = NO;
				CLANG_WARN_BLOCK_CAPTURE_AUTORELEASING = YES;
				CLANG_WARN_BOOL_CONVERSION = YES;
				CLANG_WARN_COMMA = YES;
				CLANG_WARN_CONSTANT_CONVERSION = YES;
				CLANG_WARN_DEPRECATED_OBJC_IMPLEMENTATIONS = YES;
				CLANG_WARN_DIRECT_OBJC_ISA_USAGE = YES_ERROR;
				CLANG_WARN_DOCUMENTATION_COMMENTS = YES;
				CLANG_WARN_EMPTY_BODY = YES;
				CLANG_WARN_ENUM_CONVERSION = YES;
				CLANG_WARN_INFINITE_RECURSION = YES;
				CLANG_WARN_INT_CONVERSION = YES;
				CLANG_WARN_NON_LITERAL_NULL_CONVERSION = YES;
				CLANG_WARN_OBJC_IMPLICIT_RETAIN_SELF = YES;
				CLANG_WARN_OBJC_LITERAL_CONVERSION = YES;
				CLANG_WARN_OBJC_ROOT_CLASS = YES_ERROR;
				CLANG_WARN_RANGE_LOOP_ANALYSIS = YES;
				CLANG_WARN_STRICT_PROTOTYPES = YES;
				CLANG_WARN_SUSPICIOUS_MOVE = YES;
				CLANG_WARN_UNGUARDED_AVAILABILITY = YES_AGGRESSIVE;
				CLANG_WARN_UNREACHABLE_CODE = YES;
				CLANG_WARN__DUPLICATE_METHOD_MATCH = YES;
				CODE_SIGN_IDENTITY = "iPhone Developer";
				COPY_PHASE_STRIP = NO;
				DEBUG_INFORMATION_FORMAT = dwarf;
				ENABLE_STRICT_OBJC_MSGSEND = YES;
				ENABLE_TESTABILITY = YES;
				GCC_C_LANGUAGE_STANDARD = gnu11;
				GCC_DYNAMIC_NO_PIC = NO;
				GCC_NO_COMMON_BLOCKS = YES;
				GCC_OPTIMIZATION_LEVEL = 0;
				GCC_PREPROCESSOR_DEFINITIONS = (
					"DEBUG=1",
					"$(inherited)",
				);
				GCC_WARN_64_TO_32_BIT_CONVERSION = YES;
				GCC_WARN_ABOUT_RETURN_TYPE = YES_ERROR;
				GCC_WARN_UNDECLARED_SELECTOR = YES;
				GCC_WARN_UNINITIALIZED_AUTOS = YES_AGGRESSIVE;
				GCC_WARN_UNUSED_FUNCTION = YES;
				GCC_WARN_UNUSED_VARIABLE = YES;
				IPHONEOS_DEPLOYMENT_TARGET = 8.0;
				MTL_ENABLE_DEBUG_INFO = YES;
				ONLY_ACTIVE_ARCH = YES;
				SDKROOT = iphoneos;
			};
			name = Debug;
		};
		DE3F9C2C1FBA925500F2CC6B /* Release */ = {
			isa = XCBuildConfiguration;
			buildSettings = {
				ALWAYS_SEARCH_USER_PATHS = NO;
				CLANG_ANALYZER_NONNULL = YES;
				CLANG_ANALYZER_NUMBER_OBJECT_CONVERSION = YES_AGGRESSIVE;
				CLANG_CXX_LANGUAGE_STANDARD = "gnu++14";
				CLANG_CXX_LIBRARY = "libc++";
				CLANG_ENABLE_MODULES = YES;
				CLANG_ENABLE_OBJC_ARC = NO;
				CLANG_WARN_BLOCK_CAPTURE_AUTORELEASING = YES;
				CLANG_WARN_BOOL_CONVERSION = YES;
				CLANG_WARN_COMMA = YES;
				CLANG_WARN_CONSTANT_CONVERSION = YES;
				CLANG_WARN_DEPRECATED_OBJC_IMPLEMENTATIONS = YES;
				CLANG_WARN_DIRECT_OBJC_ISA_USAGE = YES_ERROR;
				CLANG_WARN_DOCUMENTATION_COMMENTS = YES;
				CLANG_WARN_EMPTY_BODY = YES;
				CLANG_WARN_ENUM_CONVERSION = YES;
				CLANG_WARN_INFINITE_RECURSION = YES;
				CLANG_WARN_INT_CONVERSION = YES;
				CLANG_WARN_NON_LITERAL_NULL_CONVERSION = YES;
				CLANG_WARN_OBJC_IMPLICIT_RETAIN_SELF = YES;
				CLANG_WARN_OBJC_LITERAL_CONVERSION = YES;
				CLANG_WARN_OBJC_ROOT_CLASS = YES_ERROR;
				CLANG_WARN_RANGE_LOOP_ANALYSIS = YES;
				CLANG_WARN_STRICT_PROTOTYPES = YES;
				CLANG_WARN_SUSPICIOUS_MOVE = YES;
				CLANG_WARN_UNGUARDED_AVAILABILITY = YES_AGGRESSIVE;
				CLANG_WARN_UNREACHABLE_CODE = YES;
				CLANG_WARN__DUPLICATE_METHOD_MATCH = YES;
				CODE_SIGN_IDENTITY = "iPhone Developer";
				COPY_PHASE_STRIP = NO;
				DEBUG_INFORMATION_FORMAT = "dwarf-with-dsym";
				ENABLE_NS_ASSERTIONS = NO;
				ENABLE_STRICT_OBJC_MSGSEND = YES;
				GCC_C_LANGUAGE_STANDARD = gnu11;
				GCC_NO_COMMON_BLOCKS = YES;
				GCC_WARN_64_TO_32_BIT_CONVERSION = YES;
				GCC_WARN_ABOUT_RETURN_TYPE = YES_ERROR;
				GCC_WARN_UNDECLARED_SELECTOR = YES;
				GCC_WARN_UNINITIALIZED_AUTOS = YES_AGGRESSIVE;
				GCC_WARN_UNUSED_FUNCTION = YES;
				GCC_WARN_UNUSED_VARIABLE = YES;
				IPHONEOS_DEPLOYMENT_TARGET = 8.0;
				MTL_ENABLE_DEBUG_INFO = NO;
				SDKROOT = iphoneos;
				VALIDATE_PRODUCT = YES;
			};
			name = Release;
		};
		DE3F9C2E1FBA925500F2CC6B /* Debug */ = {
			isa = XCBuildConfiguration;
			buildSettings = {
				CLANG_ENABLE_OBJC_ARC = YES;
				CLANG_ENABLE_OBJC_WEAK = YES;
				CODE_SIGN_STYLE = Automatic;
				FRAMEWORK_SEARCH_PATHS = (
					"$(inherited)",
					"$(PROJECT_DIR)",
				);
				HEADER_SEARCH_PATHS = (
					"$(SRCROOT)/../../React/**",
					"$(SRCROOT)/../../react-native/React/**",
					"$(SRCROOT)/RNAlipay/**",
				);
				LIBRARY_SEARCH_PATHS = "$(PROJECT_DIR)/RNAlipay";
				OTHER_LDFLAGS = "-ObjC";
				PRODUCT_NAME = "$(TARGET_NAME)";
				SKIP_INSTALL = YES;
				TARGETED_DEVICE_FAMILY = "1,2";
			};
			name = Debug;
		};
		DE3F9C2F1FBA925500F2CC6B /* Release */ = {
			isa = XCBuildConfiguration;
			buildSettings = {
				CLANG_ENABLE_OBJC_ARC = YES;
				CLANG_ENABLE_OBJC_WEAK = YES;
				CODE_SIGN_STYLE = Automatic;
				FRAMEWORK_SEARCH_PATHS = (
					"$(inherited)",
					"$(PROJECT_DIR)",
				);
				HEADER_SEARCH_PATHS = (
					"$(SRCROOT)/../../React/**",
					"$(SRCROOT)/../../react-native/React/**",
					"$(SRCROOT)/RNAlipay/**",
				);
				LIBRARY_SEARCH_PATHS = "$(PROJECT_DIR)/RNAlipay";
				OTHER_LDFLAGS = "-ObjC";
				PRODUCT_NAME = "$(TARGET_NAME)";
				SKIP_INSTALL = YES;
				TARGETED_DEVICE_FAMILY = "1,2";
			};
			name = Release;
		};
/* End XCBuildConfiguration section */

/* Begin XCConfigurationList section */
		DE3F9C1F1FBA925500F2CC6B /* Build configuration list for PBXProject "RNAlipay" */ = {
			isa = XCConfigurationList;
			buildConfigurations = (
				DE3F9C2B1FBA925500F2CC6B /* Debug */,
				DE3F9C2C1FBA925500F2CC6B /* Release */,
			);
			defaultConfigurationIsVisible = 0;
			defaultConfigurationName = Release;
		};
		DE3F9C2D1FBA925500F2CC6B /* Build configuration list for PBXNativeTarget "RNAlipay" */ = {
			isa = XCConfigurationList;
			buildConfigurations = (
				DE3F9C2E1FBA925500F2CC6B /* Debug */,
				DE3F9C2F1FBA925500F2CC6B /* Release */,
			);
			defaultConfigurationIsVisible = 0;
			defaultConfigurationName = Release;
		};
/* End XCConfigurationList section */
	};
	rootObject = DE3F9C1C1FBA925500F2CC6B /* Project object */;
}
